<Project xmlns="http://schemas.microsoft.com/developer/msbuild/2003">
    <PropertyGroup>
        <Base>True</Base>
        <AppType>Library</AppType>
        <Config Condition="'$(Config)'==''">Release</Config>
        <FrameworkType>VCL</FrameworkType>
        <MainSource>DSciSrcVwr.dpr</MainSource>
        <Platform Condition="'$(Platform)'==''">Win64</Platform>
        <ProjectGuid>{5A027E98-F07C-483E-B8AB-26CF1CDC7A01}</ProjectGuid>
        <ProjectVersion>20.3</ProjectVersion>
        <TargetedPlatforms>3</TargetedPlatforms>
        <ProjectName Condition="'$(ProjectName)'==''">DSciSrcVwr</ProjectName>
    </PropertyGroup>
    <PropertyGroup Condition="'$(Config)'=='Base' or '$(Base)'!=''">
        <Base>true</Base>
    </PropertyGroup>
    <PropertyGroup Condition="('$(Platform)'=='Win32' and '$(Base)'=='true') or '$(Base_Win32)'!=''">
        <Base_Win32>true</Base_Win32>
        <CfgParent>Base</CfgParent>
        <Base>true</Base>
    </PropertyGroup>
    <PropertyGroup Condition="('$(Platform)'=='Win64' and '$(Base)'=='true') or '$(Base_Win64)'!=''">
        <Base_Win64>true</Base_Win64>
        <CfgParent>Base</CfgParent>
        <Base>true</Base>
    </PropertyGroup>
    <PropertyGroup Condition="'$(Config)'=='Debug' or '$(Cfg_1)'!=''">
        <Cfg_1>true</Cfg_1>
        <CfgParent>Base</CfgParent>
        <Base>true</Base>
    </PropertyGroup>
    <PropertyGroup Condition="('$(Platform)'=='Win32' and '$(Cfg_1)'=='true') or '$(Cfg_1_Win32)'!=''">
        <Cfg_1_Win32>true</Cfg_1_Win32>
        <CfgParent>Cfg_1</CfgParent>
        <Cfg_1>true</Cfg_1>
        <Base>true</Base>
    </PropertyGroup>
    <PropertyGroup Condition="('$(Platform)'=='Win64' and '$(Cfg_1)'=='true') or '$(Cfg_1_Win64)'!=''">
        <Cfg_1_Win64>true</Cfg_1_Win64>
        <CfgParent>Cfg_1</CfgParent>
        <Cfg_1>true</Cfg_1>
        <Base>true</Base>
    </PropertyGroup>
    <PropertyGroup Condition="'$(Config)'=='Release' or '$(Cfg_2)'!=''">
        <Cfg_2>true</Cfg_2>
        <CfgParent>Base</CfgParent>
        <Base>true</Base>
    </PropertyGroup>
    <PropertyGroup Condition="('$(Platform)'=='Win64' and '$(Cfg_2)'=='true') or '$(Cfg_2_Win64)'!=''">
        <Cfg_2_Win64>true</Cfg_2_Win64>
        <CfgParent>Cfg_2</CfgParent>
        <Cfg_2>true</Cfg_2>
        <Base>true</Base>
    </PropertyGroup>
    <PropertyGroup Condition="'$(Base)'!=''">
        <SanitizedProjectName>DSciSrcVwr</SanitizedProjectName>
        <DCC_DcuOutput>.\$(Platform)\$(Config)</DCC_DcuOutput>
        <DCC_Define>DScintilla_USE_chsdet;_DLL_;_EUREKALOG_VER7;EUREKALOG_VER7;$(DCC_Define)</DCC_Define>
        <DCC_ExeOutput>.\$(Platform)\$(Config)</DCC_ExeOutput>
        <DCC_Namespace>System;Xml;Data;Datasnap;Web;Soap;Vcl;Vcl.Imaging;Vcl.Touch;Vcl.Samples;Vcl.Shell;$(DCC_Namespace)</DCC_Namespace>
        <GenDll>true</GenDll>
        <Icns_MainIcns>$(BDS)\bin\delphi_PROJECTICNS.icns</Icns_MainIcns>
        <Icon_MainIcon>$(BDS)\bin\delphi_PROJECTICON.ico</Icon_MainIcon>
        <Defines>EUREKALOG_VER7;$(Defines)</Defines>
        <DCC_MapFile>3</DCC_MapFile>
        <DCC_GenerateStackFrames>true</DCC_GenerateStackFrames>
        <VerInfo_Locale>1049</VerInfo_Locale>
        <VerInfo_Keys>CompanyName=;FileDescription=$(MSBuildProjectName);FileVersion=1.0.0.0;InternalName=;LegalCopyright=;LegalTrademarks=;OriginalFilename=;ProgramID=com.embarcadero.$(MSBuildProjectName);ProductName=$(MSBuildProjectName);ProductVersion=1.0.0.0;Comments=</VerInfo_Keys>
        <DCC_UnitSearchPath>..\..\..\..\externals\chsdet;$(DCC_UnitSearchPath)</DCC_UnitSearchPath>
    </PropertyGroup>
    <PropertyGroup Condition="'$(Base_Win32)'!=''">
        <AppDPIAwarenessMode>PerMonitorV2</AppDPIAwarenessMode>
        <BT_BuildType>Debug</BT_BuildType>
        <DCC_ExeOutput>..\..\bin32</DCC_ExeOutput>
        <DCC_Namespace>Winapi;System.Win;Data.Win;Datasnap.Win;Web.Win;Soap.Win;Xml.Win;Bde;$(DCC_Namespace)</DCC_Namespace>
        <DCC_UnitSearchPath>$(BDSCOMMONDIR)\..\ShellAce\Source;..\..\source;$(DCC_UnitSearchPath)</DCC_UnitSearchPath>
        <DCC_UsePackage>dxPSdxSpreadSheetLnkRS28;vclwinx;DataSnapServer;fmx;vclie;DbxCommonDriver;bindengine;IndyIPCommon;VCLRESTComponents;DBXMSSQLDriver;FireDACCommonODBC;emsclient;cxExportRS28;dxHttpIndyRequestRS28;appanalytics;IndyProtocols;vclx;dxPSPrVwRibbonRS28;dxPSdxDBOCLnkRS28;dbxcds;vcledge;dxTileControlRS28;GR32_Runtime;MapplComponentsR;DelphiNotesVCL;MapplAdministrationR;FmxTeeUI;dxGDIPlusRS28;DBXFirebirdDriver;dxCoreRS28;cxPivotGridRS28;MapplGIS;dxPSCoreRS28;FireDACSqliteDriver;DbxClientDriver;dxSpreadSheetRS28;dxSkinsCoreRS28;soapmidas;dxBarRS28;TeeUI;dxWizardControlRS28;dxADOServerModeRS28;dbexpress;inet;dxServerModeRS28;vcltouch;cxTreeListRS28;FireDACDBXDriver;fmxdae;dxPScxCommonRS28;dxNavBarRS28;CustomIPTransport;FireDACMSSQLDriver;dxSpreadSheetReportDesignerRS28;dxFireDACEMFRS28;dxComnRS28;dxFlowChartDesignerRS28;IndySystem;cxVerticalGridRS28;DCPCryptR;dxmdsRS28;dxPSdxOCLnkRS28;dxPsPrVwAdvRS28;dxRichEditControlRS28;VirtualTreesR;ehs_components;vclFireDAC;FireDACCommon;DataSnapServerMidas;FireDACODBCDriver;emsserverresource;dxADOEMFRS28;dxPSdxDBTVLnkRS28;dxRibbonCustomizationFormRS28;htmleditcore;bindcompdbx;dxGaugeControlRS28;rtl;FireDACMySQLDriver;dxDockingRS28;dxPDFViewerRS28;htmlcomp;DBXSqliteDriver;dxBarExtItemsRS28;dxPSdxFCLnkRS28;dxorgcRS28;DBXSybaseASEDriver;dxSpreadSheetCoreConditionalFormattingDialogsRS28;dxPSRichEditControlLnkRS28;MapplAttr;vclimg;DataSnapFireDAC;inetdbxpress;FireDAC;xmlrtl;dxVCLExtendedRS28;dsnap;FireDACDb2Driver;DBALibD;DBXOracleDriver;dxPScxTLLnkRS28;DBXInformixDriver;fmxobj;bindcompvclsmp;DataSnapNativeClient;dxFlowChartRS28;openssl_static;MapplRegistration;dxPScxPCProdRS28;DatasnapConnectorsFreePascal;FixInsight_11;emshosting;hclcore;cxGridEMFRS28;dxGanttControlRS28;dxPScxVGridLnkRS28;FireDACCommonDriver;IndyIPClient;dxCloudServiceLibraryRS28;cxLibraryRS28;bindcompvclwinx;emsedge;bindcompfmx;inetdb;dxSpreadSheetCoreRS28;FireDACASADriver;dxTabbedMDIRS28;Tee;htmledit;vclactnband;fmxFireDAC;dxFireDACServerModeRS28;FireDACInfxDriver;DBXMySQLDriver;VclSmp;dxPSdxLCLnkRS28;DataSnapCommon;EurekaLogCore;fmxase;dxdbtrRS28;DBXOdbcDriver;dbrtl;FireDACOracleDriver;dxPSLnksRS28;TeeDB;FireDACMSAccDriver;MapplSQLLite3;DataSnapIndy10ServerTransport;pdfium;DataSnapConnectors;dxChartControlRS28;vcldsnap;DBXInterBaseDriver;FireDACMongoDBDriver;llPDFLibD2009Now;dxSpreadSheetConditionalFormattingDialogsRS28;FireDACTDataDriver;vcldb;cxSchedulerRS28;dxDBXServerModeRS28;dxRibbonRS28;dxFlowChartLayoutsRS28;dxPScxExtCommonRS28;dxdborRS28;dxRichEditControlCoreRS28;bindcomp;TextEditor.Delphi.Alexandria.Runtime;IndyCore;RESTBackendComponents;dxBarExtDBItemsRS28;cxTreeListdxBarPopupMenuRS28;dxFlowChartAdvancedCustomizeFormRS28;FireDACADSDriver;RESTComponents;IndyIPServer;vcl;dsnapxml;adortl;dsnapcon;DataSnapClient;DataSnapProviderClient;dxtrmdRS28;DBXDb2Driver;cxGridRS28;dxSpellCheckerRS28;dxSkinsRS28;emsclientfiredac;FireDACPgDriver;FireDACDSDriver;ChatGptWizard;tethering;dxMapControlRS28;bindcompvcl;dxEMFRS28;CloudService;DBXSybaseASADriver;DBALibR;FMXTee;soaprtl;soapserver;FireDACIBDriver;$(DCC_UsePackage)</DCC_UsePackage>
        <Manifest_File>$(BDS)\bin\default_app.manifest</Manifest_File>
        <OutputExt>32.dll</OutputExt>
        <VerInfo_IncludeVerInfo>true</VerInfo_IncludeVerInfo>
        <VerInfo_Locale>1033</VerInfo_Locale>
        <Defines>EUREKALOG;$(Defines)</Defines>
        <DCC_Define>EUREKALOG;$(DCC_Define)</DCC_Define>
    </PropertyGroup>
    <PropertyGroup Condition="'$(Base_Win64)'!=''">
        <AppDPIAwarenessMode>PerMonitorV2</AppDPIAwarenessMode>
        <BT_BuildType>Debug</BT_BuildType>
        <DCC_ExeOutput>..\..\bin64</DCC_ExeOutput>
        <DCC_Namespace>Winapi;System.Win;Data.Win;Datasnap.Win;Web.Win;Soap.Win;Xml.Win;$(DCC_Namespace)</DCC_Namespace>
        <DCC_UnitSearchPath>$(BDSCOMMONDIR)\..\ShellAce\Source;..\..\source;$(DCC_UnitSearchPath)</DCC_UnitSearchPath>
        <DCC_UsePackage>dxPSdxSpreadSheetLnkRS28;vclwinx;DataSnapServer;fmx;vclie;DbxCommonDriver;bindengine;IndyIPCommon;VCLRESTComponents;DBXMSSQLDriver;FireDACCommonODBC;emsclient;cxExportRS28;appanalytics;IndyProtocols;vclx;dxPSPrVwRibbonRS28;dxPSdxDBOCLnkRS28;dbxcds;vcledge;dxTileControlRS28;FmxTeeUI;dxGDIPlusRS28;DBXFirebirdDriver;dxCoreRS28;cxPivotGridRS28;dxPSCoreRS28;FireDACSqliteDriver;DbxClientDriver;dxSpreadSheetRS28;dxSkinsCoreRS28;soapmidas;dxBarRS28;TeeUI;dxWizardControlRS28;dxADOServerModeRS28;dbexpress;inet;dxServerModeRS28;vcltouch;cxTreeListRS28;FireDACDBXDriver;fmxdae;dxPScxCommonRS28;dxNavBarRS28;CustomIPTransport;FireDACMSSQLDriver;dxSpreadSheetReportDesignerRS28;dxFireDACEMFRS28;dxComnRS28;dxFlowChartDesignerRS28;IndySystem;cxVerticalGridRS28;dxmdsRS28;dxPSdxOCLnkRS28;dxPsPrVwAdvRS28;dxRichEditControlRS28;vclFireDAC;FireDACCommon;DataSnapServerMidas;FireDACODBCDriver;emsserverresource;dxADOEMFRS28;dxPSdxDBTVLnkRS28;dxRibbonCustomizationFormRS28;bindcompdbx;dxGaugeControlRS28;rtl;FireDACMySQLDriver;dxDockingRS28;dxPDFViewerRS28;DBXSqliteDriver;dxBarExtItemsRS28;dxPSdxFCLnkRS28;dxorgcRS28;DBXSybaseASEDriver;dxSpreadSheetCoreConditionalFormattingDialogsRS28;dxPSRichEditControlLnkRS28;vclimg;DataSnapFireDAC;inetdbxpress;FireDAC;xmlrtl;dxVCLExtendedRS28;dsnap;FireDACDb2Driver;DBXOracleDriver;dxPScxTLLnkRS28;DBXInformixDriver;fmxobj;bindcompvclsmp;DataSnapNativeClient;dxFlowChartRS28;dxPScxPCProdRS28;DatasnapConnectorsFreePascal;emshosting;cxGridEMFRS28;dxGanttControlRS28;dxPScxVGridLnkRS28;FireDACCommonDriver;IndyIPClient;dxCloudServiceLibraryRS28;cxLibraryRS28;bindcompvclwinx;emsedge;bindcompfmx;inetdb;dxSpreadSheetCoreRS28;FireDACASADriver;dxTabbedMDIRS28;Tee;vclactnband;fmxFireDAC;dxFireDACServerModeRS28;FireDACInfxDriver;DBXMySQLDriver;VclSmp;dxPSdxLCLnkRS28;DataSnapCommon;fmxase;dxdbtrRS28;DBXOdbcDriver;dbrtl;FireDACOracleDriver;dxPSLnksRS28;TeeDB;FireDACMSAccDriver;DataSnapIndy10ServerTransport;DataSnapConnectors;dxChartControlRS28;vcldsnap;DBXInterBaseDriver;FireDACMongoDBDriver;dxSpreadSheetConditionalFormattingDialogsRS28;FireDACTDataDriver;vcldb;cxSchedulerRS28;dxDBXServerModeRS28;dxRibbonRS28;dxFlowChartLayoutsRS28;dxPScxExtCommonRS28;dxdborRS28;dxRichEditControlCoreRS28;bindcomp;TextEditor.Delphi.Alexandria.Runtime;IndyCore;RESTBackendComponents;dxBarExtDBItemsRS28;cxTreeListdxBarPopupMenuRS28;dxFlowChartAdvancedCustomizeFormRS28;FireDACADSDriver;RESTComponents;IndyIPServer;vcl;dsnapxml;adortl;dsnapcon;DataSnapClient;DataSnapProviderClient;dxtrmdRS28;DBXDb2Driver;cxGridRS28;dxSpellCheckerRS28;dxSkinsRS28;emsclientfiredac;FireDACPgDriver;FireDACDSDriver;tethering;dxMapControlRS28;bindcompvcl;dxEMFRS28;CloudService;DBXSybaseASADriver;FMXTee;soaprtl;soapserver;FireDACIBDriver;$(DCC_UsePackage)</DCC_UsePackage>
        <Manifest_File>$(BDS)\bin\default_app.manifest</Manifest_File>
        <OutputExt>64.dll</OutputExt>
        <VerInfo_IncludeVerInfo>true</VerInfo_IncludeVerInfo>
        <VerInfo_Keys>CompanyName=;FileDescription=$(MSBuildProjectName) : Scintilla based source code preview handler - $(Config) / $(Platform);FileVersion=1.5.5.687;InternalName=SciSrcVwr;LegalCopyright=(c) 2023 - 2026 alexey.t;LegalTrademarks=;OriginalFilename=SciSrcVwr;ProgramID=$(MSBuildProjectName);ProductName=$(MSBuildProjectName);ProductVersion=1.0.0.0;Comments=https://github.com/alexeydott/dscintilla</VerInfo_Keys>
        <VerInfo_Locale>1033</VerInfo_Locale>
        <Defines>EUREKALOG;$(Defines)</Defines>
        <DCC_Define>_EUREKALOG;$(DCC_Define)</DCC_Define>
        <VerInfo_MinorVer>5</VerInfo_MinorVer>
        <VerInfo_Release>5</VerInfo_Release>
        <VerInfo_Build>687</VerInfo_Build>
    </PropertyGroup>
    <PropertyGroup Condition="'$(Cfg_1)'!=''">
        <DCC_DebugDCUs>true</DCC_DebugDCUs>
        <DCC_DebugInfoInExe>true</DCC_DebugInfoInExe>
        <DCC_Define>DEBUG;DEBUG_EL_CODE;$(DCC_Define)</DCC_Define>
        <DCC_GenerateStackFrames>true</DCC_GenerateStackFrames>
        <DCC_IntegerOverflowCheck>true</DCC_IntegerOverflowCheck>
        <DCC_Optimize>false</DCC_Optimize>
        <DCC_RangeChecking>true</DCC_RangeChecking>
        <DCC_RemoteDebug>true</DCC_RemoteDebug>
        <Defines>DEBUG_EL_CODE;$(Defines)</Defines>
    </PropertyGroup>
    <PropertyGroup Condition="'$(Cfg_1_Win32)'!=''">
        <DCC_RemoteDebug>false</DCC_RemoteDebug>
    </PropertyGroup>
    <PropertyGroup Condition="'$(Cfg_1_Win64)'!=''">
        <VerInfo_IncludeVerInfo>true</VerInfo_IncludeVerInfo>
        <VerInfo_Locale>1033</VerInfo_Locale>
    </PropertyGroup>
    <PropertyGroup Condition="'$(Cfg_2)'!=''">
        <DCC_DebugInformation>0</DCC_DebugInformation>
        <DCC_Define>RELEASE;$(DCC_Define)</DCC_Define>
        <DCC_LocalDebugSymbols>false</DCC_LocalDebugSymbols>
        <DCC_SymbolReferenceInfo>0</DCC_SymbolReferenceInfo>
    </PropertyGroup>
    <PropertyGroup Condition="'$(Cfg_2_Win64)'!=''">
        <VerInfo_IncludeVerInfo>true</VerInfo_IncludeVerInfo>
        <VerInfo_Locale>1033</VerInfo_Locale>
        <VerInfo_MinorVer>5</VerInfo_MinorVer>
        <VerInfo_Release>6</VerInfo_Release>
        <VerInfo_Build>1239</VerInfo_Build>
        <VerInfo_AutoIncVersion>true</VerInfo_AutoIncVersion>
        <VerInfo_Keys>CompanyName=;FileDescription=DSciSrcVwr : Scintilla based source code preview handler - Release / Win64;FileVersion=1.5.6.1239;InternalName=SciSrcVwr;LegalCopyright=(c) 2023 - 2026 alexey.t;LegalTrademarks=;OriginalFilename=SciSrcVwr;ProgramID=DSciSrcVwr;ProductName=DSciSrcVwr;ProductVersion=1.5.6.1236;Comments=https://github.com/alexeydott/dscintilla</VerInfo_Keys>
    </PropertyGroup>
    <ItemGroup>
        <DelphiCompile Include="$(MainSource)">
            <MainSource>MainSource</MainSource>
        </DelphiCompile>
        <DCCReference Include="DScintillaViewerFrame.pas">
            <Form>SourceCodePreviewExtensionForm</Form>
        </DCCReference>
        <BuildConfiguration Include="Base">
            <Key>Base</Key>
        </BuildConfiguration>
        <BuildConfiguration Include="Debug">
            <Key>Cfg_1</Key>
            <CfgParent>Base</CfgParent>
        </BuildConfiguration>
        <BuildConfiguration Include="Release">
            <Key>Cfg_2</Key>
            <CfgParent>Base</CfgParent>
        </BuildConfiguration>
    </ItemGroup>
    <ProjectExtensions>
        <Borland.Personality>Delphi.Personality.12</Borland.Personality>
        <Borland.ProjectType>Library</Borland.ProjectType>
        <BorlandProject>
            <Delphi.Personality>
                <Source>
                    <Source Name="MainSource">DSciSrcVwr.dpr</Source>
                </Source>
                <Excluded_Packages>
                    <Excluded_Packages Name="$(BDSBIN)\bcboffice2k290.bpl">Embarcadero C++Builder Office 2000 Servers Package</Excluded_Packages>
                    <Excluded_Packages Name="$(BDSBIN)\bcbofficexp290.bpl">Embarcadero C++Builder Office XP Servers Package</Excluded_Packages>
                    <Excluded_Packages Name="$(BDSBIN)\dcloffice2k290.bpl">Microsoft Office 2000 Sample Automation Server Wrapper Components</Excluded_Packages>
                    <Excluded_Packages Name="$(BDSBIN)\dclofficexp290.bpl">Microsoft Office XP Sample Automation Server Wrapper Components</Excluded_Packages>
                </Excluded_Packages>
            </Delphi.Personality>
            <Platforms>
                <Platform value="Win32">True</Platform>
                <Platform value="Win64">True</Platform>
            </Platforms>
        </BorlandProject>
        <ProjectFileVersion>12</ProjectFileVersion>
    </ProjectExtensions>
    <Import Project="$(BDS)\Bin\CodeGear.Delphi.Targets" Condition="Exists('$(BDS)\Bin\CodeGear.Delphi.Targets')"/>
    <Import Project="$(APPDATA)\Embarcadero\$(BDSAPPDATABASEDIR)\$(PRODUCTVERSION)\UserTools.proj" Condition="Exists('$(APPDATA)\Embarcadero\$(BDSAPPDATABASEDIR)\$(PRODUCTVERSION)\UserTools.proj')"/>
    <Import Project="$(MSBuildProjectName).deployproj" Condition="Exists('$(MSBuildProjectName).deployproj')"/>
</Project>
