<Project xmlns="http://schemas.microsoft.com/developer/msbuild/2003">
    <PropertyGroup>
        <ProjectGuid>{5A887816-FEF0-47D7-BF33-D356651A40DE}</ProjectGuid>
        <MainSource>DOSrcVwr.dpr</MainSource>
        <Base>True</Base>
        <Config Condition="'$(Config)'==''">Release</Config>
        <ProjectName Condition="'$(ProjectName)'==''">DOSrcVwr</ProjectName>
        <TargetedPlatforms>3</TargetedPlatforms>
        <AppType>Library</AppType>
        <FrameworkType>None</FrameworkType>
        <ProjectVersion>20.3</ProjectVersion>
        <Platform Condition="'$(Platform)'==''">Win64</Platform>
    </PropertyGroup>
    <PropertyGroup Condition="'$(Config)'=='Base' or '$(Base)'!=''">
        <Base>true</Base>
    </PropertyGroup>
    <PropertyGroup Condition="('$(Platform)'=='Win32' and '$(Base)'=='true') or '$(Base_Win32)'!=''">
        <Base_Win32>true</Base_Win32>
        <CfgParent>Base</CfgParent>
        <Base>true</Base>
    </PropertyGroup>
    <PropertyGroup Condition="('$(Platform)'=='Win64' and '$(Base)'=='true') or '$(Base_Win64)'!=''">
        <Base_Win64>true</Base_Win64>
        <CfgParent>Base</CfgParent>
        <Base>true</Base>
    </PropertyGroup>
    <PropertyGroup Condition="'$(Config)'=='Release' or '$(Cfg_1)'!=''">
        <Cfg_1>true</Cfg_1>
        <CfgParent>Base</CfgParent>
        <Base>true</Base>
    </PropertyGroup>
    <PropertyGroup Condition="('$(Platform)'=='Win64' and '$(Cfg_1)'=='true') or '$(Cfg_1_Win64)'!=''">
        <Cfg_1_Win64>true</Cfg_1_Win64>
        <CfgParent>Cfg_1</CfgParent>
        <Cfg_1>true</Cfg_1>
        <Base>true</Base>
    </PropertyGroup>
    <PropertyGroup Condition="'$(Config)'=='Debug' or '$(Cfg_2)'!=''">
        <Cfg_2>true</Cfg_2>
        <CfgParent>Base</CfgParent>
        <Base>true</Base>
    </PropertyGroup>
    <PropertyGroup Condition="'$(Base)'!=''">
        <DCC_E>false</DCC_E>
        <DCC_F>false</DCC_F>
        <DCC_K>false</DCC_K>
        <DCC_N>false</DCC_N>
        <DCC_S>false</DCC_S>
        <DCC_ImageBase>00400000</DCC_ImageBase>
        <GenDll>true</GenDll>
        <SanitizedProjectName>DOSrcVwr</SanitizedProjectName>
        <VerInfo_Locale>1033</VerInfo_Locale>
        <DCC_Namespace>System;Xml;Data;Datasnap;Web;Soap;VCL;$(DCC_Namespace)</DCC_Namespace>
        <DCC_ExeOutput>..\..\bin64\</DCC_ExeOutput>
        <DCC_DcuOutput>$(Platform)\$(Config)</DCC_DcuOutput>
        <DCC_UnitSearchPath>..\..\source;..\..\..\..\externals\chsdet;$(DCC_UnitSearchPath)</DCC_UnitSearchPath>
        <VerInfo_IncludeVerInfo>true</VerInfo_IncludeVerInfo>
        <VerInfo_MinorVer>5</VerInfo_MinorVer>
        <VerInfo_Release>6</VerInfo_Release>
        <VerInfo_Build>160</VerInfo_Build>
        <VerInfo_DLL>true</VerInfo_DLL>
        <PluginProductName>Directory Opus Source code viewer plugin</PluginProductName>
        <PluginCopyright>(c) 2024-2026 alexey.t</PluginCopyright>
        <PluginVersionMajor>$(VerInfo_MajorVer)</PluginVersionMajor>
        <PluginVersionMinor>$(VerInfo_MinorVer)</PluginVersionMinor>
        <PluginVersionRelease>$(VerInfo_Release)</PluginVersionRelease>
        <PluginVersionBuild>$(VerInfo_Build)</PluginVersionBuild>
        <PluginVersionString>$(VerInfo_MajorVer).$(VerInfo_MinorVer).$(VerInfo_Release).$(VerInfo_Build)</PluginVersionString>
        <VerInfo_Keys>FileDescription=$(PluginProductName) - $(Config) / $(Platform);FileVersion=1.5.6.160;InternalName=DOSrcVwr;LegalCopyright=$(PluginCopyright);OriginalFilename=DOSrcVwr.dll;ProgramID=$(MSBuildProjectName);ProductName=$(PluginProductName);ProductVersion=1.5.6.160;Comments=$(PluginProductName) - $(Config) / $(Platform)</VerInfo_Keys>
        <Icon_MainIcon>DOSrcVwr.ico</Icon_MainIcon>
        <DCC_Define>DScintilla_USE_chsdet;$(DCC_Define)</DCC_Define>
    </PropertyGroup>
    <PropertyGroup Condition="'$(Base_Win32)'!=''">
        <DCC_Namespace>Winapi;System.Win;Data.Win;Datasnap.Win;Web.Win;Soap.Win;Xml.Win;Bde;$(DCC_Namespace)</DCC_Namespace>
        <BT_BuildType>Debug</BT_BuildType>
        <Manifest_File>(None)</Manifest_File>
        <AppDPIAwarenessMode>none</AppDPIAwarenessMode>
    </PropertyGroup>
    <PropertyGroup Condition="'$(Base_Win64)'!=''">
        <DCC_Namespace>Winapi;System.Win;Data.Win;Datasnap.Win;Web.Win;Soap.Win;Xml.Win;$(DCC_Namespace)</DCC_Namespace>
        <BT_BuildType>Debug</BT_BuildType>
        <Manifest_File>(None)</Manifest_File>
        <AppDPIAwarenessMode>none</AppDPIAwarenessMode>
    </PropertyGroup>
    <PropertyGroup Condition="'$(Cfg_1)'!=''">
        <DCC_Define>RELEASE;$(DCC_Define)</DCC_Define>
        <DCC_DebugInformation>0</DCC_DebugInformation>
        <DCC_LocalDebugSymbols>false</DCC_LocalDebugSymbols>
        <DCC_SymbolReferenceInfo>0</DCC_SymbolReferenceInfo>
        <VerInfo_Release>6</VerInfo_Release>
        <VerInfo_Build>160</VerInfo_Build>
        <VerInfo_Keys>FileDescription=$(PluginProductName) - $(Config) / $(Platform);FileVersion=1.5.6.160;InternalName=DOSrcVwr;LegalCopyright=$(PluginCopyright);OriginalFilename=DOSrcVwr.dll;ProgramID=$(MSBuildProjectName);ProductName=$(PluginProductName);ProductVersion=1.5.6.160;Comments=$(PluginProductName) - $(Config) / $(Platform)</VerInfo_Keys>
    </PropertyGroup>
    <PropertyGroup Condition="'$(Cfg_1_Win64)'!=''">
        <Manifest_File>$(BDS)\bin\default_app.manifest</Manifest_File>
        <AppDPIAwarenessMode>PerMonitorV2</AppDPIAwarenessMode>
        <VerInfo_Build>165</VerInfo_Build>
        <VerInfo_Keys>FileDescription=Directory Opus Source code viewer plugin - Release / Win64;FileVersion=1.5.6.165;InternalName=DOSrcVwr;LegalCopyright=(c) 2024-2026 alexey.t;OriginalFilename=DOSrcVwr.dll;ProgramID=DOSrcVwr;ProductName=Directory Opus Source code viewer plugin;ProductVersion=1.5.6.160;Comments=Directory Opus Source code viewer plugin - Release / Win64</VerInfo_Keys>
        <VerInfo_AutoIncVersion>true</VerInfo_AutoIncVersion>
    </PropertyGroup>
    <PropertyGroup Condition="'$(Cfg_2)'!=''">
        <DCC_Define>DEBUG;$(DCC_Define)</DCC_Define>
        <DCC_Optimize>false</DCC_Optimize>
        <DCC_GenerateStackFrames>true</DCC_GenerateStackFrames>
        <DCC_RangeChecking>true</DCC_RangeChecking>
        <DCC_IntegerOverflowCheck>true</DCC_IntegerOverflowCheck>
    </PropertyGroup>
    <ItemGroup>
        <DelphiCompile Include="$(MainSource)">
            <MainSource>MainSource</MainSource>
        </DelphiCompile>
        <DCCReference Include="DOSrcVwrExports.pas"/>
        <DCCReference Include="DOSrcVwrHost.pas"/>
        <DCCReference Include="DOSrcVwrViewerFrame.pas"/>
        <DCCReference Include="DOSrcVwrIdentify.pas"/>
        <DCCReference Include="DOSrcVwrNotify.pas"/>
        <DCCReference Include="DOSrcVwrRuntime.pas"/>
        <DCCReference Include="DOSrcVwrLog.pas"/>
        <DCCReference Include="DOSrcVwrConfigDlg.pas"/>
        <BuildConfiguration Include="Base">
            <Key>Base</Key>
        </BuildConfiguration>
        <BuildConfiguration Include="Release">
            <Key>Cfg_1</Key>
            <CfgParent>Base</CfgParent>
        </BuildConfiguration>
        <BuildConfiguration Include="Debug">
            <Key>Cfg_2</Key>
            <CfgParent>Base</CfgParent>
        </BuildConfiguration>
    </ItemGroup>
    <ProjectExtensions>
        <Borland.Personality>Delphi.Personality.12</Borland.Personality>
        <Borland.ProjectType/>
        <BorlandProject>
            <Delphi.Personality>
                <Source>
                    <Source Name="MainSource">DOSrcVwr.dpr</Source>
                </Source>
                <Excluded_Packages>
                    <Excluded_Packages Name="$(BDSBIN)\bcboffice2k290.bpl">Embarcadero C++Builder Office 2000 Servers Package</Excluded_Packages>
                    <Excluded_Packages Name="$(BDSBIN)\bcbofficexp290.bpl">Embarcadero C++Builder Office XP Servers Package</Excluded_Packages>
                    <Excluded_Packages Name="$(BDSBIN)\dcloffice2k290.bpl">Microsoft Office 2000 Sample Automation Server Wrapper Components</Excluded_Packages>
                    <Excluded_Packages Name="$(BDSBIN)\dclofficexp290.bpl">Microsoft Office XP Sample Automation Server Wrapper Components</Excluded_Packages>
                </Excluded_Packages>
            </Delphi.Personality>
            <Platforms>
                <Platform value="Win32">True</Platform>
                <Platform value="Win64">True</Platform>
            </Platforms>
        </BorlandProject>
        <ProjectFileVersion>12</ProjectFileVersion>
    </ProjectExtensions>
    <Import Project="$(BDS)\Bin\CodeGear.Delphi.Targets" Condition="Exists('$(BDS)\Bin\CodeGear.Delphi.Targets')"/>
    <Import Project="$(APPDATA)\Embarcadero\$(BDSAPPDATABASEDIR)\$(PRODUCTVERSION)\UserTools.proj" Condition="Exists('$(APPDATA)\Embarcadero\$(BDSAPPDATABASEDIR)\$(PRODUCTVERSION)\UserTools.proj')"/>
</Project>
